// !$*UTF8*$!
{
	archiveVersion = 1;
	classes = {
	};
	objectVersion = 56;
	objects = {

/* Begin PBXBuildFile section */
		08180DA229001F1D00FDD0AC /* AppDelegate.swift in Sources */ = {isa = PBXBuildFile; fileRef = 08180DA129001F1D00FDD0AC /* AppDelegate.swift */; };
		08180DA429001F1D00FDD0AC /* SceneDelegate.swift in Sources */ = {isa = PBXBuildFile; fileRef = 08180DA329001F1D00FDD0AC /* SceneDelegate.swift */; };
		08180DA929001F1D00FDD0AC /* Main.storyboard in Resources */ = {isa = PBXBuildFile; fileRef = 08180DA729001F1D00FDD0AC /* Main.storyboard */; };
		08180DAB29001F1F00FDD0AC /* Assets.xcassets in Resources */ = {isa = PBXBuildFile; fileRef = 08180DAA29001F1F00FDD0AC /* Assets.xcassets */; };
		08180DAE29001F1F00FDD0AC /* LaunchScreen.storyboard in Resources */ = {isa = PBXBuildFile; fileRef = 08180DAC29001F1F00FDD0AC /* LaunchScreen.storyboard */; };
		08180DBA2900200800FDD0AC /* PersonsTableViewController.swift in Sources */ = {isa = PBXBuildFile; fileRef = 08180DB92900200700FDD0AC /* PersonsTableViewController.swift */; };
		08180DBF290020BC00FDD0AC /* Persons.swift in Sources */ = {isa = PBXBuildFile; fileRef = 08180DBE290020BC00FDD0AC /* Persons.swift */; };
		08180DC22900920800FDD0AC /* PersonsDetailsViewController.swift in Sources */ = {isa = PBXBuildFile; fileRef = 08180DC12900920800FDD0AC /* PersonsDetailsViewController.swift */; };
/* End PBXBuildFile section */

/* Begin PBXFileReference section */
		08180D9E29001F1D00FDD0AC /* tableViewHomeTaskZubair.app */ = {isa = PBXFileReference; explicitFileType = wrapper.application; includeInIndex = 0; path = tableViewHomeTaskZubair.app; sourceTree = BUILT_PRODUCTS_DIR; };
		08180DA129001F1D00FDD0AC /* AppDelegate.swift */ = {isa = PBXFileReference; lastKnownFileType = sourcecode.swift; path = AppDelegate.swift; sourceTree = "<group>"; };
		08180DA329001F1D00FDD0AC /* SceneDelegate.swift */ = {isa = PBXFileReference; lastKnownFileType = sourcecode.swift; path = SceneDelegate.swift; sourceTree = "<group>"; };
		08180DA829001F1D00FDD0AC /* Base */ = {isa = PBXFileReference; lastKnownFileType = file.storyboard; name = Base; path = Base.lproj/Main.storyboard; sourceTree = "<group>"; };
		08180DAA29001F1F00FDD0AC /* Assets.xcassets */ = {isa = PBXFileReference; lastKnownFileType = folder.assetcatalog; path = Assets.xcassets; sourceTree = "<group>"; };
		08180DAD29001F1F00FDD0AC /* Base */ = {isa = PBXFileReference; lastKnownFileType = file.storyboard; name = Base; path = Base.lproj/LaunchScreen.storyboard; sourceTree = "<group>"; };
		08180DAF29001F1F00FDD0AC /* Info.plist */ = {isa = PBXFileReference; lastKnownFileType = text.plist.xml; path = Info.plist; sourceTree = "<group>"; };
		08180DB92900200700FDD0AC /* PersonsTableViewController.swift */ = {isa = PBXFileReference; lastKnownFileType = sourcecode.swift; path = PersonsTableViewController.swift; sourceTree = "<group>"; };
		08180DBE290020BC00FDD0AC /* Persons.swift */ = {isa = PBXFileReference; lastKnownFileType = sourcecode.swift; path = Persons.swift; sourceTree = "<group>"; };
		08180DC12900920800FDD0AC /* PersonsDetailsViewController.swift */ = {isa = PBXFileReference; lastKnownFileType = sourcecode.swift; path = PersonsDetailsViewController.swift; sourceTree = "<group>"; };
/* End PBXFileReference section */

/* Begin PBXFrameworksBuildPhase section */
		08180D9B29001F1D00FDD0AC /* Frameworks */ = {
			isa = PBXFrameworksBuildPhase;
			buildActionMask = 2147483647;
			files = (
			);
			runOnlyForDeploymentPostprocessing = 0;
		};
/* End PBXFrameworksBuildPhase section */

/* Begin PBXGroup section */
		08180D9529001F1D00FDD0AC = {
			isa = PBXGroup;
			children = (
				08180DA029001F1D00FDD0AC /* tableViewHomeTaskZubair */,
				08180D9F29001F1D00FDD0AC /* Products */,
			);
			sourceTree = "<group>";
		};
		08180D9F29001F1D00FDD0AC /* Products */ = {
			isa = PBXGroup;
			children = (
				08180D9E29001F1D00FDD0AC /* tableViewHomeTaskZubair.app */,
			);
			name = Products;
			sourceTree = "<group>";
		};
		08180DA029001F1D00FDD0AC /* tableViewHomeTaskZubair */ = {
			isa = PBXGroup;
			children = (
				08180DC0290020C600FDD0AC /* Model */,
				08180DBD290020A900FDD0AC /* View */,
				08180DB829001F8000FDD0AC /* ViewControllers */,
				08180DB529001F3C00FDD0AC /* SupportingFiles */,
				08180DB629001F4C00FDD0AC /* Storyboards */,
			);
			path = tableViewHomeTaskZubair;
			sourceTree = "<group>";
		};
		08180DB529001F3C00FDD0AC /* SupportingFiles */ = {
			isa = PBXGroup;
			children = (
				08180DAA29001F1F00FDD0AC /* Assets.xcassets */,
				08180DA129001F1D00FDD0AC /* AppDelegate.swift */,
				08180DA329001F1D00FDD0AC /* SceneDelegate.swift */,
				08180DAF29001F1F00FDD0AC /* Info.plist */,
			);
			path = SupportingFiles;
			sourceTree = "<group>";
		};
		08180DB629001F4C00FDD0AC /* Storyboards */ = {
			isa = PBXGroup;
			children = (
				08180DA729001F1D00FDD0AC /* Main.storyboard */,
				08180DAC29001F1F00FDD0AC /* LaunchScreen.storyboard */,
			);
			path = Storyboards;
			sourceTree = "<group>";
		};
		08180DB829001F8000FDD0AC /* ViewControllers */ = {
			isa = PBXGroup;
			children = (
				08180DB92900200700FDD0AC /* PersonsTableViewController.swift */,
			);
			path = ViewControllers;
			sourceTree = "<group>";
		};
		08180DBD290020A900FDD0AC /* View */ = {
			isa = PBXGroup;
			children = (
				08180DC12900920800FDD0AC /* PersonsDetailsViewController.swift */,
			);
			path = View;
			sourceTree = "<group>";
		};
		08180DC0290020C600FDD0AC /* Model */ = {
			isa = PBXGroup;
			children = (
				08180DBE290020BC00FDD0AC /* Persons.swift */,
			);
			path = Model;
			sourceTree = "<group>";
		};
/* End PBXGroup section */

/* Begin PBXNativeTarget section */
		08180D9D29001F1D00FDD0AC /* tableViewHomeTaskZubair */ = {
			isa = PBXNativeTarget;
			buildConfigurationList = 08180DB229001F1F00FDD0AC /* Build configuration list for PBXNativeTarget "tableViewHomeTaskZubair" */;
			buildPhases = (
				08180D9A29001F1D00FDD0AC /* Sources */,
				08180D9B29001F1D00FDD0AC /* Frameworks */,
				08180D9C29001F1D00FDD0AC /* Resources */,
			);
			buildRules = (
			);
			dependencies = (
			);
			name = tableViewHomeTaskZubair;
			productName = tableViewHomeTaskZubair;
			productReference = 08180D9E29001F1D00FDD0AC /* tableViewHomeTaskZubair.app */;
			productType = "com.apple.product-type.application";
		};
/* End PBXNativeTarget section */

/* Begin PBXProject section */
		08180D9629001F1D00FDD0AC /* Project object */ = {
			isa = PBXProject;
			attributes = {
				BuildIndependentTargetsInParallel = 1;
				KnownAssetTags = (
					New,
				);
				LastSwiftUpdateCheck = 1400;
				LastUpgradeCheck = 1400;
				TargetAttributes = {
					08180D9D29001F1D00FDD0AC = {
						CreatedOnToolsVersion = 14.0;
					};
				};
			};
			buildConfigurationList = 08180D9929001F1D00FDD0AC /* Build configuration list for PBXProject "tableViewHomeTaskZubair" */;
			compatibilityVersion = "Xcode 14.0";
			developmentRegion = en;
			hasScannedForEncodings = 0;
			knownRegions = (
				en,
				Base,
			);
			mainGroup = 08180D9529001F1D00FDD0AC;
			productRefGroup = 08180D9F29001F1D00FDD0AC /* Products */;
			projectDirPath = "";
			projectRoot = "";
			targets = (
				08180D9D29001F1D00FDD0AC /* tableViewHomeTaskZubair */,
			);
		};
/* End PBXProject section */

/* Begin PBXResourcesBuildPhase section */
		08180D9C29001F1D00FDD0AC /* Resources */ = {
			isa = PBXResourcesBuildPhase;
			buildActionMask = 2147483647;
			files = (
				08180DAE29001F1F00FDD0AC /* LaunchScreen.storyboard in Resources */,
				08180DAB29001F1F00FDD0AC /* Assets.xcassets in Resources */,
				08180DA929001F1D00FDD0AC /* Main.storyboard in Resources */,
			);
			runOnlyForDeploymentPostprocessing = 0;
		};
/* End PBXResourcesBuildPhase section */

/* Begin PBXSourcesBuildPhase section */
		08180D9A29001F1D00FDD0AC /* Sources */ = {
			isa = PBXSourcesBuildPhase;
			buildActionMask = 2147483647;
			files = (
				08180DBA2900200800FDD0AC /* PersonsTableViewController.swift in Sources */,
				08180DC22900920800FDD0AC /* PersonsDetailsViewController.swift in Sources */,
				08180DA229001F1D00FDD0AC /* AppDelegate.swift in Sources */,
				08180DBF290020BC00FDD0AC /* Persons.swift in Sources */,
				08180DA429001F1D00FDD0AC /* SceneDelegate.swift in Sources */,
			);
			runOnlyForDeploymentPostprocessing = 0;
		};
/* End PBXSourcesBuildPhase section */

/* Begin PBXVariantGroup section */
		08180DA729001F1D00FDD0AC /* Main.storyboard */ = {
			isa = PBXVariantGroup;
			children = (
				08180DA829001F1D00FDD0AC /* Base */,
			);
			name = Main.storyboard;
			sourceTree = "<group>";
		};
		08180DAC29001F1F00FDD0AC /* LaunchScreen.storyboard */ = {
			isa = PBXVariantGroup;
			children = (
				08180DAD29001F1F00FDD0AC /* Base */,
			);
			name = LaunchScreen.storyboard;
			sourceTree = "<group>";
		};
/* End PBXVariantGroup section */

/* Begin XCBuildConfiguration section */
		08180DB029001F1F00FDD0AC /* Debug */ = {
			isa = XCBuildConfiguration;
			buildSettings = {
				ALWAYS_SEARCH_USER_PATHS = NO;
				CLANG_ANALYZER_NONNULL = YES;
				CLANG_ANALYZER_NUMBER_OBJECT_CONVERSION = YES_AGGRESSIVE;
				CLANG_CXX_LANGUAGE_STANDARD = "gnu++20";
				CLANG_ENABLE_MODULES = YES;
				CLANG_ENABLE_OBJC_ARC = YES;
				CLANG_ENABLE_OBJC_WEAK = YES;
				CLANG_WARN_BLOCK_CAPTURE_AUTORELEASING = YES;
				CLANG_WARN_BOOL_CONVERSION = YES;
				CLANG_WARN_COMMA = YES;
				CLANG_WARN_CONSTANT_CONVERSION = YES;
				CLANG_WARN_DEPRECATED_OBJC_IMPLEMENTATIONS = YES;
				CLANG_WARN_DIRECT_OBJC_ISA_USAGE = YES_ERROR;
				CLANG_WARN_DOCUMENTATION_COMMENTS = YES;
				CLANG_WARN_EMPTY_BODY = YES;
				CLANG_WARN_ENUM_CONVERSION = YES;
				CLANG_WARN_INFINITE_RECURSION = YES;
				CLANG_WARN_INT_CONVERSION = YES;
				CLANG_WARN_NON_LITERAL_NULL_CONVERSION = YES;
				CLANG_WARN_OBJC_IMPLICIT_RETAIN_SELF = YES;
				CLANG_WARN_OBJC_LITERAL_CONVERSION = YES;
				CLANG_WARN_OBJC_ROOT_CLASS = YES_ERROR;
				CLANG_WARN_QUOTED_INCLUDE_IN_FRAMEWORK_HEADER = YES;
				CLANG_WARN_RANGE_LOOP_ANALYSIS = YES;
				CLANG_WARN_STRICT_PROTOTYPES = YES;
				CLANG_WARN_SUSPICIOUS_MOVE = YES;
				CLANG_WARN_UNGUARDED_AVAILABILITY = YES_AGGRESSIVE;
				CLANG_WARN_UNREACHABLE_CODE = YES;
				CLANG_WARN__DUPLICATE_METHOD_MATCH = YES;
				COPY_PHASE_STRIP = NO;
				DEBUG_INFORMATION_FORMAT = dwarf;
				ENABLE_STRICT_OBJC_MSGSEND = YES;
				ENABLE_TESTABILITY = YES;
				GCC_C_LANGUAGE_STANDARD = gnu11;
				GCC_DYNAMIC_NO_PIC = NO;
				GCC_NO_COMMON_BLOCKS = YES;
				GCC_OPTIMIZATION_LEVEL = 0;
				GCC_PREPROCESSOR_DEFINITIONS = (
					"DEBUG=1",
					"$(inherited)",
				);
				GCC_WARN_64_TO_32_BIT_CONVERSION = YES;
				GCC_WARN_ABOUT_RETURN_TYPE = YES_ERROR;
				GCC_WARN_UNDECLARED_SELECTOR = YES;
				GCC_WARN_UNINITIALIZED_AUTOS = YES_AGGRESSIVE;
				GCC_WARN_UNUSED_FUNCTION = YES;
				GCC_WARN_UNUSED_VARIABLE = YES;
				IPHONEOS_DEPLOYMENT_TARGET = 16.0;
				MTL_ENABLE_DEBUG_INFO = INCLUDE_SOURCE;
				MTL_FAST_MATH = YES;
				ONLY_ACTIVE_ARCH = YES;
				SDKROOT = iphoneos;
				SWIFT_ACTIVE_COMPILATION_CONDITIONS = DEBUG;
				SWIFT_OPTIMIZATION_LEVEL = "-Onone";
			};
			name = Debug;
		};
		08180DB129001F1F00FDD0AC /* Release */ = {
			isa = XCBuildConfiguration;
			buildSettings = {
				ALWAYS_SEARCH_USER_PATHS = NO;
				CLANG_ANALYZER_NONNULL = YES;
				CLANG_ANALYZER_NUMBER_OBJECT_CONVERSION = YES_AGGRESSIVE;
				CLANG_CXX_LANGUAGE_STANDARD = "gnu++20";
				CLANG_ENABLE_MODULES = YES;
				CLANG_ENABLE_OBJC_ARC = YES;
				CLANG_ENABLE_OBJC_WEAK = YES;
				CLANG_WARN_BLOCK_CAPTURE_AUTORELEASING = YES;
				CLANG_WARN_BOOL_CONVERSION = YES;
				CLANG_WARN_COMMA = YES;
				CLANG_WARN_CONSTANT_CONVERSION = YES;
				CLANG_WARN_DEPRECATED_OBJC_IMPLEMENTATIONS = YES;
				CLANG_WARN_DIRECT_OBJC_ISA_USAGE = YES_ERROR;
				CLANG_WARN_DOCUMENTATION_COMMENTS = YES;
				CLANG_WARN_EMPTY_BODY = YES;
				CLANG_WARN_ENUM_CONVERSION = YES;
				CLANG_WARN_INFINITE_RECURSION = YES;
				CLANG_WARN_INT_CONVERSION = YES;
				CLANG_WARN_NON_LITERAL_NULL_CONVERSION = YES;
				CLANG_WARN_OBJC_IMPLICIT_RETAIN_SELF = YES;
				CLANG_WARN_OBJC_LITERAL_CONVERSION = YES;
				CLANG_WARN_OBJC_ROOT_CLASS = YES_ERROR;
				CLANG_WARN_QUOTED_INCLUDE_IN_FRAMEWORK_HEADER = YES;
				CLANG_WARN_RANGE_LOOP_ANALYSIS = YES;
				CLANG_WARN_STRICT_PROTOTYPES = YES;
				CLANG_WARN_SUSPICIOUS_MOVE = YES;
				CLANG_WARN_UNGUARDED_AVAILABILITY = YES_AGGRESSIVE;
				CLANG_WARN_UNREACHABLE_CODE = YES;
				CLANG_WARN__DUPLICATE_METHOD_MATCH = YES;
				COPY_PHASE_STRIP = NO;
				DEBUG_INFORMATION_FORMAT = "dwarf-with-dsym";
				ENABLE_NS_ASSERTIONS = NO;
				ENABLE_STRICT_OBJC_MSGSEND = YES;
				GCC_C_LANGUAGE_STANDARD = gnu11;
				GCC_NO_COMMON_BLOCKS = YES;
				GCC_WARN_64_TO_32_BIT_CONVERSION = YES;
				GCC_WARN_ABOUT_RETURN_TYPE = YES_ERROR;
				GCC_WARN_UNDECLARED_SELECTOR = YES;
				GCC_WARN_UNINITIALIZED_AUTOS = YES_AGGRESSIVE;
				GCC_WARN_UNUSED_FUNCTION = YES;
				GCC_WARN_UNUSED_VARIABLE = YES;
				IPHONEOS_DEPLOYMENT_TARGET = 16.0;
				MTL_ENABLE_DEBUG_INFO = NO;
				MTL_FAST_MATH = YES;
				SDKROOT = iphoneos;
				SWIFT_COMPILATION_MODE = wholemodule;
				SWIFT_OPTIMIZATION_LEVEL = "-O";
				VALIDATE_PRODUCT = YES;
			};
			name = Release;
		};
		08180DB329001F1F00FDD0AC /* Debug */ = {
			isa = XCBuildConfiguration;
			buildSettings = {
				ASSETCATALOG_COMPILER_APPICON_NAME = AppIcon;
				ASSETCATALOG_COMPILER_GLOBAL_ACCENT_COLOR_NAME = AccentColor;
				CODE_SIGN_STYLE = Automatic;
				CURRENT_PROJECT_VERSION = 1;
				DEVELOPMENT_TEAM = U5GTXVYV6H;
				GENERATE_INFOPLIST_FILE = YES;
				INFOPLIST_FILE = tableViewHomeTaskZubair/SupportingFiles/Info.plist;
				INFOPLIST_KEY_UIApplicationSupportsIndirectInputEvents = YES;
				INFOPLIST_KEY_UILaunchStoryboardName = LaunchScreen;
				INFOPLIST_KEY_UIMainStoryboardFile = Main;
				INFOPLIST_KEY_UISupportedInterfaceOrientations_iPad = "UIInterfaceOrientationPortrait UIInterfaceOrientationPortraitUpsideDown UIInterfaceOrientationLandscapeLeft UIInterfaceOrientationLandscapeRight";
				INFOPLIST_KEY_UISupportedInterfaceOrientations_iPhone = "UIInterfaceOrientationPortrait UIInterfaceOrientationLandscapeLeft UIInterfaceOrientationLandscapeRight";
				LD_RUNPATH_SEARCH_PATHS = (
					"$(inherited)",
					"@executable_path/Frameworks",
				);
				MARKETING_VERSION = 1.0;
				PRODUCT_BUNDLE_IDENTIFIER = chechen.tableViewHomeTaskZubair;
				PRODUCT_NAME = "$(TARGET_NAME)";
				SWIFT_EMIT_LOC_STRINGS = YES;
				SWIFT_VERSION = 5.0;
				TARGETED_DEVICE_FAMILY = "1,2";
			};
			name = Debug;
		};
		08180DB429001F1F00FDD0AC /* Release */ = {
			isa = XCBuildConfiguration;
			buildSettings = {
				ASSETCATALOG_COMPILER_APPICON_NAME = AppIcon;
				ASSETCATALOG_COMPILER_GLOBAL_ACCENT_COLOR_NAME = AccentColor;
				CODE_SIGN_STYLE = Automatic;
				CURRENT_PROJECT_VERSION = 1;
				DEVELOPMENT_TEAM = U5GTXVYV6H;
				GENERATE_INFOPLIST_FILE = YES;
				INFOPLIST_FILE = tableViewHomeTaskZubair/SupportingFiles/Info.plist;
				INFOPLIST_KEY_UIApplicationSupportsIndirectInputEvents = YES;
				INFOPLIST_KEY_UILaunchStoryboardName = LaunchScreen;
				INFOPLIST_KEY_UIMainStoryboardFile = Main;
				INFOPLIST_KEY_UISupportedInterfaceOrientations_iPad = "UIInterfaceOrientationPortrait UIInterfaceOrientationPortraitUpsideDown UIInterfaceOrientationLandscapeLeft UIInterfaceOrientationLandscapeRight";
				INFOPLIST_KEY_UISupportedInterfaceOrientations_iPhone = "UIInterfaceOrientationPortrait UIInterfaceOrientationLandscapeLeft UIInterfaceOrientationLandscapeRight";
				LD_RUNPATH_SEARCH_PATHS = (
					"$(inherited)",
					"@executable_path/Frameworks",
				);
				MARKETING_VERSION = 1.0;
				PRODUCT_BUNDLE_IDENTIFIER = chechen.tableViewHomeTaskZubair;
				PRODUCT_NAME = "$(TARGET_NAME)";
				SWIFT_EMIT_LOC_STRINGS = YES;
				SWIFT_VERSION = 5.0;
				TARGETED_DEVICE_FAMILY = "1,2";
			};
			name = Release;
		};
/* End XCBuildConfiguration section */

/* Begin XCConfigurationList section */
		08180D9929001F1D00FDD0AC /* Build configuration list for PBXProject "tableViewHomeTaskZubair" */ = {
			isa = XCConfigurationList;
			buildConfigurations = (
				08180DB029001F1F00FDD0AC /* Debug */,
				08180DB129001F1F00FDD0AC /* Release */,
			);
			defaultConfigurationIsVisible = 0;
			defaultConfigurationName = Release;
		};
		08180DB229001F1F00FDD0AC /* Build configuration list for PBXNativeTarget "tableViewHomeTaskZubair" */ = {
			isa = XCConfigurationList;
			buildConfigurations = (
				08180DB329001F1F00FDD0AC /* Debug */,
				08180DB429001F1F00FDD0AC /* Release */,
			);
			defaultConfigurationIsVisible = 0;
			defaultConfigurationName = Release;
		};
/* End XCConfigurationList section */
	};
	rootObject = 08180D9629001F1D00FDD0AC /* Project object */;
}
